
Microsoft Visual Studio Solution File, Format Version 11.00
# Visual Studio 2010
Project("{FAE04EC0-301F-11D3-BF4B-00C04F79EFBC}") = "Ezysl", "Ezysl\Ezysl.csproj", "{7551B343-386B-43B7-81C6-B350DF0EB188}"
EndProject
Project("{FAE04EC0-301F-11D3-BF4B-00C04F79EFBC}") = "Ezysl.Test", "Ezysl.Test\Ezysl.Test.csproj", "{63613AFA-B6A1-41B1-9342-E2169CD626B2}"
EndProject
Global
	GlobalSection(SolutionConfigurationPlatforms) = preSolution
		Debug|Any CPU = Debug|Any CPU
		Debug|Mixed Platforms = Debug|Mixed Platforms
		Debug|x86 = Debug|x86
		Release|Any CPU = Release|Any CPU
		Release|Mixed Platforms = Release|Mixed Platforms
		Release|x86 = Release|x86
	EndGlobalSection
	GlobalSection(ProjectConfigurationPlatforms) = postSolution
		{7551B343-386B-43B7-81C6-B350DF0EB188}.Debug|Any CPU.ActiveCfg = Debug|Any CPU
		{7551B343-386B-43B7-81C6-B350DF0EB188}.Debug|Any CPU.Build.0 = Debug|Any CPU
		{7551B343-386B-43B7-81C6-B350DF0EB188}.Debug|Mixed Platforms.ActiveCfg = Debug|Any CPU
		{7551B343-386B-43B7-81C6-B350DF0EB188}.Debug|Mixed Platforms.Build.0 = Debug|Any CPU
		{7551B343-386B-43B7-81C6-B350DF0EB188}.Debug|x86.ActiveCfg = Debug|Any CPU
		{7551B343-386B-43B7-81C6-B350DF0EB188}.Release|Any CPU.ActiveCfg = Release|Any CPU
		{7551B343-386B-43B7-81C6-B350DF0EB188}.Release|Any CPU.Build.0 = Release|Any CPU
		{7551B343-386B-43B7-81C6-B350DF0EB188}.Release|Mixed Platforms.ActiveCfg = Release|Any CPU
		{7551B343-386B-43B7-81C6-B350DF0EB188}.Release|Mixed Platforms.Build.0 = Release|Any CPU
		{7551B343-386B-43B7-81C6-B350DF0EB188}.Release|x86.ActiveCfg = Release|Any CPU
		{63613AFA-B6A1-41B1-9342-E2169CD626B2}.Debug|Any CPU.ActiveCfg = Debug|x86
		{63613AFA-B6A1-41B1-9342-E2169CD626B2}.Debug|Mixed Platforms.ActiveCfg = Debug|x86
		{63613AFA-B6A1-41B1-9342-E2169CD626B2}.Debug|Mixed Platforms.Build.0 = Debug|x86
		{63613AFA-B6A1-41B1-9342-E2169CD626B2}.Debug|x86.ActiveCfg = Debug|x86
		{63613AFA-B6A1-41B1-9342-E2169CD626B2}.Debug|x86.Build.0 = Debug|x86
		{63613AFA-B6A1-41B1-9342-E2169CD626B2}.Release|Any CPU.ActiveCfg = Release|x86
		{63613AFA-B6A1-41B1-9342-E2169CD626B2}.Release|Mixed Platforms.ActiveCfg = Release|x86
		{63613AFA-B6A1-41B1-9342-E2169CD626B2}.Release|Mixed Platforms.Build.0 = Release|x86
		{63613AFA-B6A1-41B1-9342-E2169CD626B2}.Release|x86.ActiveCfg = Release|x86
		{63613AFA-B6A1-41B1-9342-E2169CD626B2}.Release|x86.Build.0 = Release|x86
	EndGlobalSection
	GlobalSection(SolutionProperties) = preSolution
		HideSolutionNode = FALSE
	EndGlobalSection
EndGlobal
